
Microsoft Visual Studio Solution File, Format Version 12.00
# Visual Studio Version 16
VisualStudioVersion = 16.0.30011.22
MinimumVisualStudioVersion = 15.0.26124.0
Project("{9A19103F-16F7-4668-BE54-9A1E7A4F7556}") = "payout_lib", "payout_lib\payout_lib.csproj", "{12389E54-B215-4191-8DA3-265CEF742769}"
EndProject
Project("{9A19103F-16F7-4668-BE54-9A1E7A4F7556}") = "payout_test", "payout_test\payout_test.csproj", "{E7B34FD7-573F-41EB-8110-B1B4D41266C1}"
EndProject
Project("{FAE04EC0-301F-11D3-BF4B-00C04F79EFBC}") = "ConsoleApp472", "ConsoleApp472\ConsoleApp472.csproj", "{8A636CB1-D69A-483B-952A-567DCD036ABA}"
EndProject
Project("{FAE04EC0-301F-11D3-BF4B-00C04F79EFBC}") = "ConsoleApp461", "ConsoleApp461\ConsoleApp461.csproj", "{FB3981A0-159D-4B3C-AAFE-ED58050DCBA3}"
EndProject
Project("{FAE04EC0-301F-11D3-BF4B-00C04F79EFBC}") = "ConsoleApp48", "ConsoleApp48\ConsoleApp48.csproj", "{BCBFCE18-D73F-42A4-B496-15F740427F24}"
EndProject
Global
	GlobalSection(SolutionConfigurationPlatforms) = preSolution
		Debug|Any CPU = Debug|Any CPU
		Debug|x64 = Debug|x64
		Debug|x86 = Debug|x86
		Release|Any CPU = Release|Any CPU
		Release|x64 = Release|x64
		Release|x86 = Release|x86
	EndGlobalSection
	GlobalSection(ProjectConfigurationPlatforms) = postSolution
		{12389E54-B215-4191-8DA3-265CEF742769}.Debug|Any CPU.ActiveCfg = Debug|Any CPU
		{12389E54-B215-4191-8DA3-265CEF742769}.Debug|Any CPU.Build.0 = Debug|Any CPU
		{12389E54-B215-4191-8DA3-265CEF742769}.Debug|x64.ActiveCfg = Debug|Any CPU
		{12389E54-B215-4191-8DA3-265CEF742769}.Debug|x64.Build.0 = Debug|Any CPU
		{12389E54-B215-4191-8DA3-265CEF742769}.Debug|x86.ActiveCfg = Debug|Any CPU
		{12389E54-B215-4191-8DA3-265CEF742769}.Debug|x86.Build.0 = Debug|Any CPU
		{12389E54-B215-4191-8DA3-265CEF742769}.Release|Any CPU.ActiveCfg = Release|Any CPU
		{12389E54-B215-4191-8DA3-265CEF742769}.Release|Any CPU.Build.0 = Release|Any CPU
		{12389E54-B215-4191-8DA3-265CEF742769}.Release|x64.ActiveCfg = Release|Any CPU
		{12389E54-B215-4191-8DA3-265CEF742769}.Release|x64.Build.0 = Release|Any CPU
		{12389E54-B215-4191-8DA3-265CEF742769}.Release|x86.ActiveCfg = Release|Any CPU
		{12389E54-B215-4191-8DA3-265CEF742769}.Release|x86.Build.0 = Release|Any CPU
		{E7B34FD7-573F-41EB-8110-B1B4D41266C1}.Debug|Any CPU.ActiveCfg = Debug|Any CPU
		{E7B34FD7-573F-41EB-8110-B1B4D41266C1}.Debug|Any CPU.Build.0 = Debug|Any CPU
		{E7B34FD7-573F-41EB-8110-B1B4D41266C1}.Debug|x64.ActiveCfg = Debug|Any CPU
		{E7B34FD7-573F-41EB-8110-B1B4D41266C1}.Debug|x64.Build.0 = Debug|Any CPU
		{E7B34FD7-573F-41EB-8110-B1B4D41266C1}.Debug|x86.ActiveCfg = Debug|Any CPU
		{E7B34FD7-573F-41EB-8110-B1B4D41266C1}.Debug|x86.Build.0 = Debug|Any CPU
		{E7B34FD7-573F-41EB-8110-B1B4D41266C1}.Release|Any CPU.ActiveCfg = Release|Any CPU
		{E7B34FD7-573F-41EB-8110-B1B4D41266C1}.Release|Any CPU.Build.0 = Release|Any CPU
		{E7B34FD7-573F-41EB-8110-B1B4D41266C1}.Release|x64.ActiveCfg = Release|Any CPU
		{E7B34FD7-573F-41EB-8110-B1B4D41266C1}.Release|x64.Build.0 = Release|Any CPU
		{E7B34FD7-573F-41EB-8110-B1B4D41266C1}.Release|x86.ActiveCfg = Release|Any CPU
		{E7B34FD7-573F-41EB-8110-B1B4D41266C1}.Release|x86.Build.0 = Release|Any CPU
		{8A636CB1-D69A-483B-952A-567DCD036ABA}.Debug|Any CPU.ActiveCfg = Debug|Any CPU
		{8A636CB1-D69A-483B-952A-567DCD036ABA}.Debug|Any CPU.Build.0 = Debug|Any CPU
		{8A636CB1-D69A-483B-952A-567DCD036ABA}.Debug|x64.ActiveCfg = Debug|Any CPU
		{8A636CB1-D69A-483B-952A-567DCD036ABA}.Debug|x64.Build.0 = Debug|Any CPU
		{8A636CB1-D69A-483B-952A-567DCD036ABA}.Debug|x86.ActiveCfg = Debug|Any CPU
		{8A636CB1-D69A-483B-952A-567DCD036ABA}.Debug|x86.Build.0 = Debug|Any CPU
		{8A636CB1-D69A-483B-952A-567DCD036ABA}.Release|Any CPU.ActiveCfg = Release|Any CPU
		{8A636CB1-D69A-483B-952A-567DCD036ABA}.Release|Any CPU.Build.0 = Release|Any CPU
		{8A636CB1-D69A-483B-952A-567DCD036ABA}.Release|x64.ActiveCfg = Release|Any CPU
		{8A636CB1-D69A-483B-952A-567DCD036ABA}.Release|x64.Build.0 = Release|Any CPU
		{8A636CB1-D69A-483B-952A-567DCD036ABA}.Release|x86.ActiveCfg = Release|Any CPU
		{8A636CB1-D69A-483B-952A-567DCD036ABA}.Release|x86.Build.0 = Release|Any CPU
		{FB3981A0-159D-4B3C-AAFE-ED58050DCBA3}.Debug|Any CPU.ActiveCfg = Debug|Any CPU
		{FB3981A0-159D-4B3C-AAFE-ED58050DCBA3}.Debug|Any CPU.Build.0 = Debug|Any CPU
		{FB3981A0-159D-4B3C-AAFE-ED58050DCBA3}.Debug|x64.ActiveCfg = Debug|Any CPU
		{FB3981A0-159D-4B3C-AAFE-ED58050DCBA3}.Debug|x64.Build.0 = Debug|Any CPU
		{FB3981A0-159D-4B3C-AAFE-ED58050DCBA3}.Debug|x86.ActiveCfg = Debug|Any CPU
		{FB3981A0-159D-4B3C-AAFE-ED58050DCBA3}.Debug|x86.Build.0 = Debug|Any CPU
		{FB3981A0-159D-4B3C-AAFE-ED58050DCBA3}.Release|Any CPU.ActiveCfg = Release|Any CPU
		{FB3981A0-159D-4B3C-AAFE-ED58050DCBA3}.Release|Any CPU.Build.0 = Release|Any CPU
		{FB3981A0-159D-4B3C-AAFE-ED58050DCBA3}.Release|x64.ActiveCfg = Release|Any CPU
		{FB3981A0-159D-4B3C-AAFE-ED58050DCBA3}.Release|x64.Build.0 = Release|Any CPU
		{FB3981A0-159D-4B3C-AAFE-ED58050DCBA3}.Release|x86.ActiveCfg = Release|Any CPU
		{FB3981A0-159D-4B3C-AAFE-ED58050DCBA3}.Release|x86.Build.0 = Release|Any CPU
		{BCBFCE18-D73F-42A4-B496-15F740427F24}.Debug|Any CPU.ActiveCfg = Debug|Any CPU
		{BCBFCE18-D73F-42A4-B496-15F740427F24}.Debug|Any CPU.Build.0 = Debug|Any CPU
		{BCBFCE18-D73F-42A4-B496-15F740427F24}.Debug|x64.ActiveCfg = Debug|Any CPU
		{BCBFCE18-D73F-42A4-B496-15F740427F24}.Debug|x64.Build.0 = Debug|Any CPU
		{BCBFCE18-D73F-42A4-B496-15F740427F24}.Debug|x86.ActiveCfg = Debug|Any CPU
		{BCBFCE18-D73F-42A4-B496-15F740427F24}.Debug|x86.Build.0 = Debug|Any CPU
		{BCBFCE18-D73F-42A4-B496-15F740427F24}.Release|Any CPU.ActiveCfg = Release|Any CPU
		{BCBFCE18-D73F-42A4-B496-15F740427F24}.Release|Any CPU.Build.0 = Release|Any CPU
		{BCBFCE18-D73F-42A4-B496-15F740427F24}.Release|x64.ActiveCfg = Release|Any CPU
		{BCBFCE18-D73F-42A4-B496-15F740427F24}.Release|x64.Build.0 = Release|Any CPU
		{BCBFCE18-D73F-42A4-B496-15F740427F24}.Release|x86.ActiveCfg = Release|Any CPU
		{BCBFCE18-D73F-42A4-B496-15F740427F24}.Release|x86.Build.0 = Release|Any CPU
	EndGlobalSection
	GlobalSection(SolutionProperties) = preSolution
		HideSolutionNode = FALSE
	EndGlobalSection
	GlobalSection(ExtensibilityGlobals) = postSolution
		SolutionGuid = {B349C33B-899B-459D-88CF-9D4C754D9252}
	EndGlobalSection
EndGlobal
